{
  "lockfile-version": 1,
  "manifest": {
    "version": 1,
    "install": {
      "coreutils": {
        "pkg-path": "coreutils"
      },
      "ffmpeg": {
        "pkg-path": "ffmpeg"
      },
      "go": {
        "pkg-path": "go",
        "version": "^1.21"
      },
      "ttyd": {
        "pkg-path": "ttyd"
      }
    },
    "hook": {
      "on-activate": "  # Autogenerated by Flox\n\n  # Point GOENV to Flox environment cache\n  export GOENV=\"$FLOX_ENV_CACHE/goenv\"\n\n  # Install Go dependencies\n  # go get .\n\n  # End autogenerated by Flox\n"
    },
    "profile": {},
    "options": {
      "systems": [
        "aarch64-darwin",
        "aarch64-linux",
        "x86_64-darwin",
        "x86_64-linux"
      ],
      "allow": {
        "licenses": []
      },
      "semver": {}
    },
    "build": {
      "vhs": {
        "command": "export HOME=$PWD; cp -a --no-preserve=mode  ${vhstidy}/Library . &&  go build -o $out/bin/vhs",
        "files": null,
        "runtime-packages": null,
        "systems": null,
        "sandbox": "pure"
      },
      "vhstidy": {
        "command": "export HOME=$PWD; go mod tidy; mkdir -p $out && cp -a Library  $out ",
        "files": null,
        "runtime-packages": null,
        "systems": null,
        "sandbox": "off"
      }
    }
  },
  "packages": [
    {
      "attr_path": "coreutils",
      "broken": false,
      "derivation": "/nix/store/55ms78kc0r5ncpa13wbpya7cgi6i6zx0-coreutils-9.5.drv",
      "description": "GNU Core Utilities",
      "install_id": "coreutils",
      "license": "GPL-3.0-or-later",
      "locked_url": "https://github.com/flox/nixpkgs?rev=345c263f2f53a3710abe117f28a5cb86d0ba4059",
      "name": "coreutils-9.5",
      "pname": "coreutils",
      "rev": "345c263f2f53a3710abe117f28a5cb86d0ba4059",
      "rev_count": 680873,
      "rev_date": "2024-09-13T16:03:24Z",
      "scrape_date": "2024-09-16T03:14:12Z",
      "stabilities": [
        "unstable"
      ],
      "unfree": false,
      "version": "9.5",
      "outputs_to_install": [
        "out"
      ],
      "outputs": {
        "info": "/nix/store/ps81dqzr6fxafmxih1834v545dh4apjm-coreutils-9.5-info",
        "out": "/nix/store/1l41471x6rlf7l544s1bxkqqgpprd28m-coreutils-9.5"
      },
      "system": "aarch64-darwin",
      "group": "toplevel",
      "priority": 5
    },
    {
      "attr_path": "coreutils",
      "broken": false,
      "derivation": "/nix/store/fbnqx9d9skgp22g0xkc53jgqy0804afb-coreutils-9.5.drv",
      "description": "GNU Core Utilities",
      "install_id": "coreutils",
      "license": "GPL-3.0-or-later",
      "locked_url": "https://github.com/flox/nixpkgs?rev=345c263f2f53a3710abe117f28a5cb86d0ba4059",
      "name": "coreutils-9.5",
      "pname": "coreutils",
      "rev": "345c263f2f53a3710abe117f28a5cb86d0ba4059",
      "rev_count": 680873,
      "rev_date": "2024-09-13T16:03:24Z",
      "scrape_date": "2024-09-16T03:14:12Z",
      "stabilities": [
        "unstable"
      ],
      "unfree": false,
      "version": "9.5",
      "outputs_to_install": [
        "out"
      ],
      "outputs": {
        "debug": "/nix/store/g66h1ajc1wx18milg2290yylbivq2jhd-coreutils-9.5-debug",
        "info": "/nix/store/y311wv5dlqakkq6hr3yl6zmiiprxb3v5-coreutils-9.5-info",
        "out": "/nix/store/ssqdazslv2wjpybnk0pjwnpq0dfpa6q2-coreutils-9.5"
      },
      "system": "aarch64-linux",
      "group": "toplevel",
      "priority": 5
    },
    {
      "attr_path": "coreutils",
      "broken": false,
      "derivation": "/nix/store/r3vjhg84a2d0ydf52038pic8wibaxbpr-coreutils-9.5.drv",
      "description": "GNU Core Utilities",
      "install_id": "coreutils",
      "license": "GPL-3.0-or-later",
      "locked_url": "https://github.com/flox/nixpkgs?rev=345c263f2f53a3710abe117f28a5cb86d0ba4059",
      "name": "coreutils-9.5",
      "pname": "coreutils",
      "rev": "345c263f2f53a3710abe117f28a5cb86d0ba4059",
      "rev_count": 680873,
      "rev_date": "2024-09-13T16:03:24Z",
      "scrape_date": "2024-09-16T03:14:12Z",
      "stabilities": [
        "unstable"
      ],
      "unfree": false,
      "version": "9.5",
      "outputs_to_install": [
        "out"
      ],
      "outputs": {
        "info": "/nix/store/jgslj3bb2rs55xaaxarqwsg7bppfxg8p-coreutils-9.5-info",
        "out": "/nix/store/mw0amk6q5v2401y3s8zg7hxa2v0ia6vw-coreutils-9.5"
      },
      "system": "x86_64-darwin",
      "group": "toplevel",
      "priority": 5
    },
    {
      "attr_path": "coreutils",
      "broken": false,
      "derivation": "/nix/store/57hlz5fnvfgljivf7p18fmcl1yp6d29z-coreutils-9.5.drv",
      "description": "GNU Core Utilities",
      "install_id": "coreutils",
      "license": "GPL-3.0-or-later",
      "locked_url": "https://github.com/flox/nixpkgs?rev=345c263f2f53a3710abe117f28a5cb86d0ba4059",
      "name": "coreutils-9.5",
      "pname": "coreutils",
      "rev": "345c263f2f53a3710abe117f28a5cb86d0ba4059",
      "rev_count": 680873,
      "rev_date": "2024-09-13T16:03:24Z",
      "scrape_date": "2024-09-16T03:14:12Z",
      "stabilities": [
        "unstable"
      ],
      "unfree": false,
      "version": "9.5",
      "outputs_to_install": [
        "out"
      ],
      "outputs": {
        "debug": "/nix/store/73i7cdbz2w862wx1gfxxvyrw95rmmwl3-coreutils-9.5-debug",
        "info": "/nix/store/p1mj9zdizsa605xsy3jjx4db4ya1wnix-coreutils-9.5-info",
        "out": "/nix/store/0kg70swgpg45ipcz3pr2siidq9fn6d77-coreutils-9.5"
      },
      "system": "x86_64-linux",
      "group": "toplevel",
      "priority": 5
    },
    {
      "attr_path": "ffmpeg",
      "broken": false,
      "derivation": "/nix/store/i6q0ppx48hggn8cqqwdmb2w8jskshnj8-ffmpeg-6.1.2.drv",
      "description": "Complete, cross-platform solution to record, convert and stream audio and video",
      "install_id": "ffmpeg",
      "license": "[ LGPL-2.1-or-later, GPL-2.0-or-later, LGPL-3.0-or-later, GPL-3.0-or-later ]",
      "locked_url": "https://github.com/flox/nixpkgs?rev=345c263f2f53a3710abe117f28a5cb86d0ba4059",
      "name": "ffmpeg-6.1.2",
      "pname": "ffmpeg",
      "rev": "345c263f2f53a3710abe117f28a5cb86d0ba4059",
      "rev_count": 680873,
      "rev_date": "2024-09-13T16:03:24Z",
      "scrape_date": "2024-09-16T03:14:12Z",
      "stabilities": [
        "unstable"
      ],
      "unfree": false,
      "version": "6.1.2",
      "outputs_to_install": [
        "bin",
        "man"
      ],
      "outputs": {
        "bin": "/nix/store/fk4v92as71xpfhdqv3bxdgk8jm9m5p8v-ffmpeg-6.1.2-bin",
        "data": "/nix/store/p02m6vsw5am71dd2bndycknj33acf986-ffmpeg-6.1.2-data",
        "dev": "/nix/store/10ylmxvkisc5l75n0m0lmhr2hw3cyn68-ffmpeg-6.1.2-dev",
        "doc": "/nix/store/ksscmw8y35xlgnzdw656xvqw573vrc7g-ffmpeg-6.1.2-doc",
        "lib": "/nix/store/f3fp6wk0fz2p2xnwixl5ki2k3f5nkdfd-ffmpeg-6.1.2-lib",
        "man": "/nix/store/bpb3zawdlp5khq1j74325w5hpplvryi4-ffmpeg-6.1.2-man",
        "out": "/nix/store/kpjpgy0in9g0plyswa9l4gvm2rxh5k2k-ffmpeg-6.1.2"
      },
      "system": "aarch64-darwin",
      "group": "toplevel",
      "priority": 5
    },
    {
      "attr_path": "ffmpeg",
      "broken": false,
      "derivation": "/nix/store/5bfgr6vfmg6pnqdpssskwablz6xhd08p-ffmpeg-6.1.2.drv",
      "description": "Complete, cross-platform solution to record, convert and stream audio and video",
      "install_id": "ffmpeg",
      "license": "[ LGPL-2.1-or-later, GPL-2.0-or-later, LGPL-3.0-or-later, GPL-3.0-or-later ]",
      "locked_url": "https://github.com/flox/nixpkgs?rev=345c263f2f53a3710abe117f28a5cb86d0ba4059",
      "name": "ffmpeg-6.1.2",
      "pname": "ffmpeg",
      "rev": "345c263f2f53a3710abe117f28a5cb86d0ba4059",
      "rev_count": 680873,
      "rev_date": "2024-09-13T16:03:24Z",
      "scrape_date": "2024-09-16T03:14:12Z",
      "stabilities": [
        "unstable"
      ],
      "unfree": false,
      "version": "6.1.2",
      "outputs_to_install": [
        "bin",
        "man"
      ],
      "outputs": {
        "bin": "/nix/store/79k4v9hbh09r8q3fnpd2w9lzh9r37q86-ffmpeg-6.1.2-bin",
        "data": "/nix/store/vm31gnksb3jmshx0fck4bpz93c21vm7h-ffmpeg-6.1.2-data",
        "dev": "/nix/store/nwqcr3s1zr1qi183x521jhflsvdh90y8-ffmpeg-6.1.2-dev",
        "doc": "/nix/store/azpjvkilpc0fbvb1qmm8pl5sifx6wir2-ffmpeg-6.1.2-doc",
        "lib": "/nix/store/dlxbgp9id9rwsskq17wk5l0dls9kklx8-ffmpeg-6.1.2-lib",
        "man": "/nix/store/20awbwgyw91dws1wb1d98fkgsg3l5r3p-ffmpeg-6.1.2-man",
        "out": "/nix/store/df28g54abfwr48353zzczy5pw8nql9qs-ffmpeg-6.1.2"
      },
      "system": "aarch64-linux",
      "group": "toplevel",
      "priority": 5
    },
    {
      "attr_path": "ffmpeg",
      "broken": false,
      "derivation": "/nix/store/ar6y9hba7dajdnrwrrdqs456fdjk8s5b-ffmpeg-6.1.2.drv",
      "description": "Complete, cross-platform solution to record, convert and stream audio and video",
      "install_id": "ffmpeg",
      "license": "[ LGPL-2.1-or-later, GPL-2.0-or-later, LGPL-3.0-or-later, GPL-3.0-or-later ]",
      "locked_url": "https://github.com/flox/nixpkgs?rev=345c263f2f53a3710abe117f28a5cb86d0ba4059",
      "name": "ffmpeg-6.1.2",
      "pname": "ffmpeg",
      "rev": "345c263f2f53a3710abe117f28a5cb86d0ba4059",
      "rev_count": 680873,
      "rev_date": "2024-09-13T16:03:24Z",
      "scrape_date": "2024-09-16T03:14:12Z",
      "stabilities": [
        "unstable"
      ],
      "unfree": false,
      "version": "6.1.2",
      "outputs_to_install": [
        "bin",
        "man"
      ],
      "outputs": {
        "bin": "/nix/store/51ahxw6jzyfgpkv4ky93xf0cll4h7n8f-ffmpeg-6.1.2-bin",
        "data": "/nix/store/yf7yzdir9gidj0jkp072ksk1xdr2pqqs-ffmpeg-6.1.2-data",
        "dev": "/nix/store/cd0ksbdsvq7ygrdq39jdyrj9lnkphdz4-ffmpeg-6.1.2-dev",
        "doc": "/nix/store/3jnqqnvfggp1bzpwpw79sppc39mz1glx-ffmpeg-6.1.2-doc",
        "lib": "/nix/store/ylgq1jqd45sbz3cwi1ca8wrssr0f8m0s-ffmpeg-6.1.2-lib",
        "man": "/nix/store/5fz6v3hbbf3vvi9qm75xnq5bjhw0alq2-ffmpeg-6.1.2-man",
        "out": "/nix/store/vgb4zr39yldik9c3c9rk8qqzlib12vmx-ffmpeg-6.1.2"
      },
      "system": "x86_64-darwin",
      "group": "toplevel",
      "priority": 5
    },
    {
      "attr_path": "ffmpeg",
      "broken": false,
      "derivation": "/nix/store/c17xkp2k19z4k4li02qk00n8szmqsdia-ffmpeg-6.1.2.drv",
      "description": "Complete, cross-platform solution to record, convert and stream audio and video",
      "install_id": "ffmpeg",
      "license": "[ LGPL-2.1-or-later, GPL-2.0-or-later, LGPL-3.0-or-later, GPL-3.0-or-later ]",
      "locked_url": "https://github.com/flox/nixpkgs?rev=345c263f2f53a3710abe117f28a5cb86d0ba4059",
      "name": "ffmpeg-6.1.2",
      "pname": "ffmpeg",
      "rev": "345c263f2f53a3710abe117f28a5cb86d0ba4059",
      "rev_count": 680873,
      "rev_date": "2024-09-13T16:03:24Z",
      "scrape_date": "2024-09-16T03:14:12Z",
      "stabilities": [
        "unstable"
      ],
      "unfree": false,
      "version": "6.1.2",
      "outputs_to_install": [
        "bin",
        "man"
      ],
      "outputs": {
        "bin": "/nix/store/rbz3bmam55p1qhvf2ksv067ijf4g7hcf-ffmpeg-6.1.2-bin",
        "data": "/nix/store/xz04wcparjsm32v7q72i318868yprb8k-ffmpeg-6.1.2-data",
        "dev": "/nix/store/wrd5q5pcdlldjpcaah8ckv2abkaln5dz-ffmpeg-6.1.2-dev",
        "doc": "/nix/store/d03ybhhvk8adjsfv5c95kimicnpj7zhc-ffmpeg-6.1.2-doc",
        "lib": "/nix/store/mk6p0a8jnw7602d1fl66iyxwk8z08shl-ffmpeg-6.1.2-lib",
        "man": "/nix/store/3pbm7mq499qcdxfhgvqzallxf84gfrph-ffmpeg-6.1.2-man",
        "out": "/nix/store/2z2d3ly4f5wxgnwlksnjvknhsizcvvc2-ffmpeg-6.1.2"
      },
      "system": "x86_64-linux",
      "group": "toplevel",
      "priority": 5
    },
    {
      "attr_path": "go",
      "broken": false,
      "derivation": "/nix/store/x1p2gf1jcqn29l4agdqrb0w09rib7w3m-go-1.22.7.drv",
      "description": "Go Programming language",
      "install_id": "go",
      "license": "BSD-3-Clause",
      "locked_url": "https://github.com/flox/nixpkgs?rev=345c263f2f53a3710abe117f28a5cb86d0ba4059",
      "name": "go-1.22.7",
      "pname": "go",
      "rev": "345c263f2f53a3710abe117f28a5cb86d0ba4059",
      "rev_count": 680873,
      "rev_date": "2024-09-13T16:03:24Z",
      "scrape_date": "2024-09-16T03:14:12Z",
      "stabilities": [
        "unstable"
      ],
      "unfree": false,
      "version": "1.22.7",
      "outputs_to_install": [
        "out"
      ],
      "outputs": {
        "out": "/nix/store/rfcwglhhspqx5v5h0sl4b3py14i6vpxa-go-1.22.7"
      },
      "system": "aarch64-darwin",
      "group": "toplevel",
      "priority": 5
    },
    {
      "attr_path": "go",
      "broken": false,
      "derivation": "/nix/store/qk95aryv3n1mhmk0lxf55sg9yr0l6138-go-1.22.7.drv",
      "description": "Go Programming language",
      "install_id": "go",
      "license": "BSD-3-Clause",
      "locked_url": "https://github.com/flox/nixpkgs?rev=345c263f2f53a3710abe117f28a5cb86d0ba4059",
      "name": "go-1.22.7",
      "pname": "go",
      "rev": "345c263f2f53a3710abe117f28a5cb86d0ba4059",
      "rev_count": 680873,
      "rev_date": "2024-09-13T16:03:24Z",
      "scrape_date": "2024-09-16T03:14:12Z",
      "stabilities": [
        "unstable"
      ],
      "unfree": false,
      "version": "1.22.7",
      "outputs_to_install": [
        "out"
      ],
      "outputs": {
        "out": "/nix/store/64z59pb0ss407rbv1fcvq0ynngrwfa6k-go-1.22.7"
      },
      "system": "aarch64-linux",
      "group": "toplevel",
      "priority": 5
    },
    {
      "attr_path": "go",
      "broken": false,
      "derivation": "/nix/store/4bjrs6k4a0xjyy5zanbc8igv0cffsi0a-go-1.22.7.drv",
      "description": "Go Programming language",
      "install_id": "go",
      "license": "BSD-3-Clause",
      "locked_url": "https://github.com/flox/nixpkgs?rev=345c263f2f53a3710abe117f28a5cb86d0ba4059",
      "name": "go-1.22.7",
      "pname": "go",
      "rev": "345c263f2f53a3710abe117f28a5cb86d0ba4059",
      "rev_count": 680873,
      "rev_date": "2024-09-13T16:03:24Z",
      "scrape_date": "2024-09-16T03:14:12Z",
      "stabilities": [
        "unstable"
      ],
      "unfree": false,
      "version": "1.22.7",
      "outputs_to_install": [
        "out"
      ],
      "outputs": {
        "out": "/nix/store/r8199g59rmp6ac0lnx86fpk57fbxc3bk-go-1.22.7"
      },
      "system": "x86_64-darwin",
      "group": "toplevel",
      "priority": 5
    },
    {
      "attr_path": "go",
      "broken": false,
      "derivation": "/nix/store/gp0ma9f4n4nxmgbgl1g65kvlf05cl22y-go-1.22.7.drv",
      "description": "Go Programming language",
      "install_id": "go",
      "license": "BSD-3-Clause",
      "locked_url": "https://github.com/flox/nixpkgs?rev=345c263f2f53a3710abe117f28a5cb86d0ba4059",
      "name": "go-1.22.7",
      "pname": "go",
      "rev": "345c263f2f53a3710abe117f28a5cb86d0ba4059",
      "rev_count": 680873,
      "rev_date": "2024-09-13T16:03:24Z",
      "scrape_date": "2024-09-16T03:14:12Z",
      "stabilities": [
        "unstable"
      ],
      "unfree": false,
      "version": "1.22.7",
      "outputs_to_install": [
        "out"
      ],
      "outputs": {
        "out": "/nix/store/chzgk756zb2cqlzbjr86m0lfxi63cdfy-go-1.22.7"
      },
      "system": "x86_64-linux",
      "group": "toplevel",
      "priority": 5
    },
    {
      "attr_path": "ttyd",
      "broken": false,
      "derivation": "/nix/store/0mrvpcqb30p5pl6hm52c9icm4z0jjb4g-ttyd-1.7.7.drv",
      "description": "Share your terminal over the web",
      "install_id": "ttyd",
      "license": "MIT",
      "locked_url": "https://github.com/flox/nixpkgs?rev=345c263f2f53a3710abe117f28a5cb86d0ba4059",
      "name": "ttyd-1.7.7",
      "pname": "ttyd",
      "rev": "345c263f2f53a3710abe117f28a5cb86d0ba4059",
      "rev_count": 680873,
      "rev_date": "2024-09-13T16:03:24Z",
      "scrape_date": "2024-09-16T03:14:12Z",
      "stabilities": [
        "unstable"
      ],
      "unfree": false,
      "version": "1.7.7",
      "outputs_to_install": [
        "out",
        "man"
      ],
      "outputs": {
        "man": "/nix/store/5jppq4lira4gb5zj0xdby8crsqwy5j6s-ttyd-1.7.7-man",
        "out": "/nix/store/b97rfmbswly2756z16d37x7fj7jb3mgc-ttyd-1.7.7"
      },
      "system": "aarch64-darwin",
      "group": "toplevel",
      "priority": 5
    },
    {
      "attr_path": "ttyd",
      "broken": false,
      "derivation": "/nix/store/ay52j0mx2qds65f9qiv76zc1idrqqq2l-ttyd-1.7.7.drv",
      "description": "Share your terminal over the web",
      "install_id": "ttyd",
      "license": "MIT",
      "locked_url": "https://github.com/flox/nixpkgs?rev=345c263f2f53a3710abe117f28a5cb86d0ba4059",
      "name": "ttyd-1.7.7",
      "pname": "ttyd",
      "rev": "345c263f2f53a3710abe117f28a5cb86d0ba4059",
      "rev_count": 680873,
      "rev_date": "2024-09-13T16:03:24Z",
      "scrape_date": "2024-09-16T03:14:12Z",
      "stabilities": [
        "unstable"
      ],
      "unfree": false,
      "version": "1.7.7",
      "outputs_to_install": [
        "out",
        "man"
      ],
      "outputs": {
        "man": "/nix/store/yk2c5lakscma15jg1vmz3q1qzilh9kza-ttyd-1.7.7-man",
        "out": "/nix/store/spvkymxlqd51169xmxjp0m48lh1r28r1-ttyd-1.7.7"
      },
      "system": "aarch64-linux",
      "group": "toplevel",
      "priority": 5
    },
    {
      "attr_path": "ttyd",
      "broken": false,
      "derivation": "/nix/store/sx8hw9r86pf6cjslj96h8m3bzy80ycqm-ttyd-1.7.7.drv",
      "description": "Share your terminal over the web",
      "install_id": "ttyd",
      "license": "MIT",
      "locked_url": "https://github.com/flox/nixpkgs?rev=345c263f2f53a3710abe117f28a5cb86d0ba4059",
      "name": "ttyd-1.7.7",
      "pname": "ttyd",
      "rev": "345c263f2f53a3710abe117f28a5cb86d0ba4059",
      "rev_count": 680873,
      "rev_date": "2024-09-13T16:03:24Z",
      "scrape_date": "2024-09-16T03:14:12Z",
      "stabilities": [
        "unstable"
      ],
      "unfree": false,
      "version": "1.7.7",
      "outputs_to_install": [
        "out",
        "man"
      ],
      "outputs": {
        "man": "/nix/store/pckisc3yclqmh4zfmn7mfwh4iycfq5lv-ttyd-1.7.7-man",
        "out": "/nix/store/4jd3c92s5q10qyxwvx37h2hj4cnx33ii-ttyd-1.7.7"
      },
      "system": "x86_64-darwin",
      "group": "toplevel",
      "priority": 5
    },
    {
      "attr_path": "ttyd",
      "broken": false,
      "derivation": "/nix/store/rfbavh2yka1s802a9a84djcv4r8afhmz-ttyd-1.7.7.drv",
      "description": "Share your terminal over the web",
      "install_id": "ttyd",
      "license": "MIT",
      "locked_url": "https://github.com/flox/nixpkgs?rev=345c263f2f53a3710abe117f28a5cb86d0ba4059",
      "name": "ttyd-1.7.7",
      "pname": "ttyd",
      "rev": "345c263f2f53a3710abe117f28a5cb86d0ba4059",
      "rev_count": 680873,
      "rev_date": "2024-09-13T16:03:24Z",
      "scrape_date": "2024-09-16T03:14:12Z",
      "stabilities": [
        "unstable"
      ],
      "unfree": false,
      "version": "1.7.7",
      "outputs_to_install": [
        "out",
        "man"
      ],
      "outputs": {
        "man": "/nix/store/x1vilabmmfpzx6vsich8fz80srqsvnq6-ttyd-1.7.7-man",
        "out": "/nix/store/q24hg13b5z55586fnvg4zbp38qmkl87w-ttyd-1.7.7"
      },
      "system": "x86_64-linux",
      "group": "toplevel",
      "priority": 5
    }
  ]
}