{
  "lockfile-version": 1,
  "manifest": {
    "version": 1,
    "install": {
      "ffmpeg": {
        "pkg-path": "ffmpeg"
      },
      "go": {
        "pkg-path": "go"
      },
      "ttyd": {
        "pkg-path": "ttyd"
      }
    },
    "hook": {
      "on-activate": "  # Autogenerated by Flox\n\n  # Point GOENV to Flox environment cache\n  export GOENV=\"$FLOX_ENV_CACHE/goenv\"\n\n  # End autogenerated by Flox\n"
    },
    "profile": {},
    "options": {
      "systems": [
        "aarch64-darwin",
        "aarch64-linux",
        "x86_64-darwin",
        "x86_64-linux"
      ],
      "allow": {
        "licenses": []
      },
      "semver": {},
      "cuda-detection": false
    },
    "build": {
      "vhs": {
        "command": "go mod tidy; go build; mkdir -p $out/bin ; mv vhs $out/bin"
      }
    }
  },
  "packages": [
    {
      "attr_path": "ffmpeg",
      "broken": false,
      "derivation": "/nix/store/kklrl6q4wwz0605r1cazyf6xdjbhx4bh-ffmpeg-7.1.drv",
      "description": "Complete, cross-platform solution to record, convert and stream audio and video",
      "install_id": "ffmpeg",
      "license": "[ LGPL-2.1-or-later, GPL-2.0-or-later, LGPL-3.0-or-later, GPL-3.0-or-later ]",
      "locked_url": "https://github.com/flox/nixpkgs?rev=88195a94f390381c6afcdaa933c2f6ff93959cb4",
      "name": "ffmpeg-7.1",
      "pname": "ffmpeg",
      "rev": "88195a94f390381c6afcdaa933c2f6ff93959cb4",
      "rev_count": 729683,
      "rev_date": "2024-12-29T11:18:24Z",
      "scrape_date": "2024-12-31T03:56:31Z",
      "stabilities": [
        "unstable"
      ],
      "unfree": false,
      "version": "7.1",
      "outputs_to_install": [
        "bin",
        "man"
      ],
      "outputs": {
        "bin": "/nix/store/m48ypyjnl04mqigi6fbxa7k2c5bsvazz-ffmpeg-7.1-bin",
        "data": "/nix/store/rqbsc9zyzi988hwcd423qdh1vh40zlzc-ffmpeg-7.1-data",
        "dev": "/nix/store/6ml3pn92nbmnc40s5jfpr84y65ysizk3-ffmpeg-7.1-dev",
        "doc": "/nix/store/ni6gri7m1pavfjxx0yfj1msvb0cfasgg-ffmpeg-7.1-doc",
        "lib": "/nix/store/2v2rr9dmq4grzwmg4zcsxrmbdcshks7m-ffmpeg-7.1-lib",
        "man": "/nix/store/10ncvfz8srnzckq16bn14wffcx8j04ki-ffmpeg-7.1-man",
        "out": "/nix/store/nvccyp4dra8f92ywd00lk3ra121gj162-ffmpeg-7.1"
      },
      "system": "aarch64-darwin",
      "group": "toplevel",
      "priority": 5
    },
    {
      "attr_path": "ffmpeg",
      "broken": false,
      "derivation": "/nix/store/k1g7f07n12irkilmzbx3pm846na2ji4f-ffmpeg-7.1.drv",
      "description": "Complete, cross-platform solution to record, convert and stream audio and video",
      "install_id": "ffmpeg",
      "license": "[ LGPL-2.1-or-later, GPL-2.0-or-later, LGPL-3.0-or-later, GPL-3.0-or-later ]",
      "locked_url": "https://github.com/flox/nixpkgs?rev=88195a94f390381c6afcdaa933c2f6ff93959cb4",
      "name": "ffmpeg-7.1",
      "pname": "ffmpeg",
      "rev": "88195a94f390381c6afcdaa933c2f6ff93959cb4",
      "rev_count": 729683,
      "rev_date": "2024-12-29T11:18:24Z",
      "scrape_date": "2024-12-31T03:56:31Z",
      "stabilities": [
        "unstable"
      ],
      "unfree": false,
      "version": "7.1",
      "outputs_to_install": [
        "bin",
        "man"
      ],
      "outputs": {
        "bin": "/nix/store/lj99z3ldzka2slgm94w2yl8cjkphn4m3-ffmpeg-7.1-bin",
        "data": "/nix/store/4yhsn6lrfn91dk1kq9wyyd71p4hcfans-ffmpeg-7.1-data",
        "dev": "/nix/store/71103mmkxhzzmbj9mpzsrzbp988z3p98-ffmpeg-7.1-dev",
        "doc": "/nix/store/k9cc4d60frcn27zapkzhag5h9r0ig5xa-ffmpeg-7.1-doc",
        "lib": "/nix/store/dgcmpc8az51a4d2bxgrmfz8zlmvqxwa5-ffmpeg-7.1-lib",
        "man": "/nix/store/gisda8d2pifrrjw0yirrs0x2cyn6b96i-ffmpeg-7.1-man",
        "out": "/nix/store/pc332zx12j2fqf5m9mdhhs1rwksbk2fk-ffmpeg-7.1"
      },
      "system": "aarch64-linux",
      "group": "toplevel",
      "priority": 5
    },
    {
      "attr_path": "ffmpeg",
      "broken": false,
      "derivation": "/nix/store/hprpadk29i2d1jmng7jx9lk3kbw2ybjv-ffmpeg-7.1.drv",
      "description": "Complete, cross-platform solution to record, convert and stream audio and video",
      "install_id": "ffmpeg",
      "license": "[ LGPL-2.1-or-later, GPL-2.0-or-later, LGPL-3.0-or-later, GPL-3.0-or-later ]",
      "locked_url": "https://github.com/flox/nixpkgs?rev=88195a94f390381c6afcdaa933c2f6ff93959cb4",
      "name": "ffmpeg-7.1",
      "pname": "ffmpeg",
      "rev": "88195a94f390381c6afcdaa933c2f6ff93959cb4",
      "rev_count": 729683,
      "rev_date": "2024-12-29T11:18:24Z",
      "scrape_date": "2024-12-31T03:56:31Z",
      "stabilities": [
        "unstable"
      ],
      "unfree": false,
      "version": "7.1",
      "outputs_to_install": [
        "bin",
        "man"
      ],
      "outputs": {
        "bin": "/nix/store/z44kr817zx99vi2cc204i06cnmz83f1n-ffmpeg-7.1-bin",
        "data": "/nix/store/n3xm2rr1k1ari7ysbp9jhg65pih28x6x-ffmpeg-7.1-data",
        "dev": "/nix/store/59gcv4rfg38rqnazv1iq9jssjak2l3ih-ffmpeg-7.1-dev",
        "doc": "/nix/store/2cqa3lc75ciqzgmxjm36fd733f3gjgil-ffmpeg-7.1-doc",
        "lib": "/nix/store/ir47x8skj54wilcyz2x59am4y085lf6l-ffmpeg-7.1-lib",
        "man": "/nix/store/slrha22nqrx2xw009hd37svv2nvpp26i-ffmpeg-7.1-man",
        "out": "/nix/store/gqw958wdgrbfsxczqf56vnq1iffg5qv1-ffmpeg-7.1"
      },
      "system": "x86_64-darwin",
      "group": "toplevel",
      "priority": 5
    },
    {
      "attr_path": "ffmpeg",
      "broken": false,
      "derivation": "/nix/store/n2d4ad7p2yl13g01lapk3wr28ybi8h7i-ffmpeg-7.1.drv",
      "description": "Complete, cross-platform solution to record, convert and stream audio and video",
      "install_id": "ffmpeg",
      "license": "[ LGPL-2.1-or-later, GPL-2.0-or-later, LGPL-3.0-or-later, GPL-3.0-or-later ]",
      "locked_url": "https://github.com/flox/nixpkgs?rev=88195a94f390381c6afcdaa933c2f6ff93959cb4",
      "name": "ffmpeg-7.1",
      "pname": "ffmpeg",
      "rev": "88195a94f390381c6afcdaa933c2f6ff93959cb4",
      "rev_count": 729683,
      "rev_date": "2024-12-29T11:18:24Z",
      "scrape_date": "2024-12-31T03:56:31Z",
      "stabilities": [
        "unstable"
      ],
      "unfree": false,
      "version": "7.1",
      "outputs_to_install": [
        "bin",
        "man"
      ],
      "outputs": {
        "bin": "/nix/store/d1lv3x7iq129vb19ba9ph6k0yhy4fv34-ffmpeg-7.1-bin",
        "data": "/nix/store/5y8zk8fqpaammsnz2svgpdsayn4zlsn2-ffmpeg-7.1-data",
        "dev": "/nix/store/qdz8aidi7rksr4g5cpxgz9iivrlsa247-ffmpeg-7.1-dev",
        "doc": "/nix/store/gmfj9af6za9i2830cgbj1qazz2nir2vs-ffmpeg-7.1-doc",
        "lib": "/nix/store/x8j2nr5qmikfaggl34wpm1dlldb7ik06-ffmpeg-7.1-lib",
        "man": "/nix/store/qqgvvfw2gqp47zl5v9jhdsl8mb77l909-ffmpeg-7.1-man",
        "out": "/nix/store/cx89mypnxgk0q4dibacg7dsrb4w66mv9-ffmpeg-7.1"
      },
      "system": "x86_64-linux",
      "group": "toplevel",
      "priority": 5
    },
    {
      "attr_path": "go",
      "broken": false,
      "derivation": "/nix/store/84bqd072ql6qzjmqsqcdbw3nv63waw49-go-1.23.4.drv",
      "description": "Go Programming language",
      "install_id": "go",
      "license": "BSD-3-Clause",
      "locked_url": "https://github.com/flox/nixpkgs?rev=88195a94f390381c6afcdaa933c2f6ff93959cb4",
      "name": "go-1.23.4",
      "pname": "go",
      "rev": "88195a94f390381c6afcdaa933c2f6ff93959cb4",
      "rev_count": 729683,
      "rev_date": "2024-12-29T11:18:24Z",
      "scrape_date": "2024-12-31T03:56:31Z",
      "stabilities": [
        "unstable"
      ],
      "unfree": false,
      "version": "1.23.4",
      "outputs_to_install": [
        "out"
      ],
      "outputs": {
        "out": "/nix/store/bva4mymi5b2lhvvbccx8ipws89rar1d8-go-1.23.4"
      },
      "system": "aarch64-darwin",
      "group": "toplevel",
      "priority": 5
    },
    {
      "attr_path": "go",
      "broken": false,
      "derivation": "/nix/store/fap65gsxy7m12f8b8p5j9yybfnh908ar-go-1.23.4.drv",
      "description": "Go Programming language",
      "install_id": "go",
      "license": "BSD-3-Clause",
      "locked_url": "https://github.com/flox/nixpkgs?rev=88195a94f390381c6afcdaa933c2f6ff93959cb4",
      "name": "go-1.23.4",
      "pname": "go",
      "rev": "88195a94f390381c6afcdaa933c2f6ff93959cb4",
      "rev_count": 729683,
      "rev_date": "2024-12-29T11:18:24Z",
      "scrape_date": "2024-12-31T03:56:31Z",
      "stabilities": [
        "unstable"
      ],
      "unfree": false,
      "version": "1.23.4",
      "outputs_to_install": [
        "out"
      ],
      "outputs": {
        "out": "/nix/store/9lvi0l2yf6bwamsjs5d5n9i57c6kbd2c-go-1.23.4"
      },
      "system": "aarch64-linux",
      "group": "toplevel",
      "priority": 5
    },
    {
      "attr_path": "go",
      "broken": false,
      "derivation": "/nix/store/jil5s3a20z15fkfhkxa3575ax6j7d9a3-go-1.23.4.drv",
      "description": "Go Programming language",
      "install_id": "go",
      "license": "BSD-3-Clause",
      "locked_url": "https://github.com/flox/nixpkgs?rev=88195a94f390381c6afcdaa933c2f6ff93959cb4",
      "name": "go-1.23.4",
      "pname": "go",
      "rev": "88195a94f390381c6afcdaa933c2f6ff93959cb4",
      "rev_count": 729683,
      "rev_date": "2024-12-29T11:18:24Z",
      "scrape_date": "2024-12-31T03:56:31Z",
      "stabilities": [
        "unstable"
      ],
      "unfree": false,
      "version": "1.23.4",
      "outputs_to_install": [
        "out"
      ],
      "outputs": {
        "out": "/nix/store/sf1y7x29wvp9lppx5ya9h5b42fcmxb32-go-1.23.4"
      },
      "system": "x86_64-darwin",
      "group": "toplevel",
      "priority": 5
    },
    {
      "attr_path": "go",
      "broken": false,
      "derivation": "/nix/store/h5i2qzmzj8hwyfxrf3fq23d7ngxpxyj2-go-1.23.4.drv",
      "description": "Go Programming language",
      "install_id": "go",
      "license": "BSD-3-Clause",
      "locked_url": "https://github.com/flox/nixpkgs?rev=88195a94f390381c6afcdaa933c2f6ff93959cb4",
      "name": "go-1.23.4",
      "pname": "go",
      "rev": "88195a94f390381c6afcdaa933c2f6ff93959cb4",
      "rev_count": 729683,
      "rev_date": "2024-12-29T11:18:24Z",
      "scrape_date": "2024-12-31T03:56:31Z",
      "stabilities": [
        "unstable"
      ],
      "unfree": false,
      "version": "1.23.4",
      "outputs_to_install": [
        "out"
      ],
      "outputs": {
        "out": "/nix/store/jfv85qbj4vb1dafcg6kncg4vrbq2bbxv-go-1.23.4"
      },
      "system": "x86_64-linux",
      "group": "toplevel",
      "priority": 5
    },
    {
      "attr_path": "ttyd",
      "broken": false,
      "derivation": "/nix/store/qnl482va21icbbf2qv46d5q390xjs4nd-ttyd-1.7.7.drv",
      "description": "Share your terminal over the web",
      "install_id": "ttyd",
      "license": "MIT",
      "locked_url": "https://github.com/flox/nixpkgs?rev=88195a94f390381c6afcdaa933c2f6ff93959cb4",
      "name": "ttyd-1.7.7",
      "pname": "ttyd",
      "rev": "88195a94f390381c6afcdaa933c2f6ff93959cb4",
      "rev_count": 729683,
      "rev_date": "2024-12-29T11:18:24Z",
      "scrape_date": "2024-12-31T03:56:31Z",
      "stabilities": [
        "unstable"
      ],
      "unfree": false,
      "version": "1.7.7",
      "outputs_to_install": [
        "out",
        "man"
      ],
      "outputs": {
        "man": "/nix/store/00jmx45n25lkhpwwk9qb2byk84d7h92k-ttyd-1.7.7-man",
        "out": "/nix/store/w1azdqyxcyrar785nskfdrdqi5fk53ga-ttyd-1.7.7"
      },
      "system": "aarch64-darwin",
      "group": "toplevel",
      "priority": 5
    },
    {
      "attr_path": "ttyd",
      "broken": false,
      "derivation": "/nix/store/lyvr801jv5jpb6y00g79r6lyqd1igvjf-ttyd-1.7.7.drv",
      "description": "Share your terminal over the web",
      "install_id": "ttyd",
      "license": "MIT",
      "locked_url": "https://github.com/flox/nixpkgs?rev=88195a94f390381c6afcdaa933c2f6ff93959cb4",
      "name": "ttyd-1.7.7",
      "pname": "ttyd",
      "rev": "88195a94f390381c6afcdaa933c2f6ff93959cb4",
      "rev_count": 729683,
      "rev_date": "2024-12-29T11:18:24Z",
      "scrape_date": "2024-12-31T03:56:31Z",
      "stabilities": [
        "unstable"
      ],
      "unfree": false,
      "version": "1.7.7",
      "outputs_to_install": [
        "out",
        "man"
      ],
      "outputs": {
        "man": "/nix/store/vb62b4dpwzk6bvb5srb04a4ghrdmyjw1-ttyd-1.7.7-man",
        "out": "/nix/store/ki3hq9b8dfhvfmvlpyrph6l8lp9q640f-ttyd-1.7.7"
      },
      "system": "aarch64-linux",
      "group": "toplevel",
      "priority": 5
    },
    {
      "attr_path": "ttyd",
      "broken": false,
      "derivation": "/nix/store/fnsx07ymgh94py7849yjdmkbh7dapz7n-ttyd-1.7.7.drv",
      "description": "Share your terminal over the web",
      "install_id": "ttyd",
      "license": "MIT",
      "locked_url": "https://github.com/flox/nixpkgs?rev=88195a94f390381c6afcdaa933c2f6ff93959cb4",
      "name": "ttyd-1.7.7",
      "pname": "ttyd",
      "rev": "88195a94f390381c6afcdaa933c2f6ff93959cb4",
      "rev_count": 729683,
      "rev_date": "2024-12-29T11:18:24Z",
      "scrape_date": "2024-12-31T03:56:31Z",
      "stabilities": [
        "unstable"
      ],
      "unfree": false,
      "version": "1.7.7",
      "outputs_to_install": [
        "out",
        "man"
      ],
      "outputs": {
        "man": "/nix/store/qpvniqxj14bfb6zqqq9bsd6bcb07vwir-ttyd-1.7.7-man",
        "out": "/nix/store/diz2yxlky7wg96wyhq40jn199lz1bfsr-ttyd-1.7.7"
      },
      "system": "x86_64-darwin",
      "group": "toplevel",
      "priority": 5
    },
    {
      "attr_path": "ttyd",
      "broken": false,
      "derivation": "/nix/store/ap73l4a9ik40f4hrcl3j66631p29dwmh-ttyd-1.7.7.drv",
      "description": "Share your terminal over the web",
      "install_id": "ttyd",
      "license": "MIT",
      "locked_url": "https://github.com/flox/nixpkgs?rev=88195a94f390381c6afcdaa933c2f6ff93959cb4",
      "name": "ttyd-1.7.7",
      "pname": "ttyd",
      "rev": "88195a94f390381c6afcdaa933c2f6ff93959cb4",
      "rev_count": 729683,
      "rev_date": "2024-12-29T11:18:24Z",
      "scrape_date": "2024-12-31T03:56:31Z",
      "stabilities": [
        "unstable"
      ],
      "unfree": false,
      "version": "1.7.7",
      "outputs_to_install": [
        "out",
        "man"
      ],
      "outputs": {
        "man": "/nix/store/y72ivm3bz9c8j85fxs7shg0fl34r380c-ttyd-1.7.7-man",
        "out": "/nix/store/1m923rcjj5kkhnbqxzkw4pzi4qki5yhc-ttyd-1.7.7"
      },
      "system": "x86_64-linux",
      "group": "toplevel",
      "priority": 5
    }
  ]
}